PODS:
  - AFNetworking (1.1.0)
  - OCMock (2.0.1)
  - OHHTTPStubs (1.1.1)

DEPENDENCIES:
  - AFNetworking
  - OCMock
  - OHHTTPStubs

SPEC CHECKSUMS:
  AFNetworking: e1ee63e577c68e1d5004ccedb7367eda41f65943
  OCMock: 60bfc5e6bc0ed592a6b7fb805b6c4d7108d37eb6
  OHHTTPStubs: d6ace2645e4744a0ad6c5a72940999a5632037fb

COCOAPODS: 0.35.0
