// !$*UTF8*$!
{
	archiveVersion = 1;
	classes = {
	};
	objectVersion = 46;
	objects = {

/* Begin PBXBuildFile section */
		4EE60F545573431C906F8B45 /* libPods-AEHelpersTests.a in Frameworks */ = {isa = PBXBuildFile; fileRef = B2D4354336A44AFDACA09D98 /* libPods-AEHelpersTests.a */; };
		95146FFA17556C7D00B2A7BF /* AEManagedObject+AERemoteFetch.m in Sources */ = {isa = PBXBuildFile; fileRef = 95146FC917556C7D00B2A7BF /* AEManagedObject+AERemoteFetch.m */; };
		95146FFB17556C7D00B2A7BF /* AEManagedObjectsCache.m in Sources */ = {isa = PBXBuildFile; fileRef = 95146FCB17556C7D00B2A7BF /* AEManagedObjectsCache.m */; };
		95146FFC17556C7D00B2A7BF /* AECoreDataHelper.m in Sources */ = {isa = PBXBuildFile; fileRef = 95146FCE17556C7D00B2A7BF /* AECoreDataHelper.m */; };
		95146FFD17556C7D00B2A7BF /* AEManagedObject+AEJSONSerialization.m in Sources */ = {isa = PBXBuildFile; fileRef = 95146FD017556C7D00B2A7BF /* AEManagedObject+AEJSONSerialization.m */; };
		95146FFE17556C7D00B2A7BF /* AEManagedObject.m in Sources */ = {isa = PBXBuildFile; fileRef = 95146FD217556C7D00B2A7BF /* AEManagedObject.m */; };
		95146FFF17556C7D00B2A7BF /* NSArray+orderBy.m in Sources */ = {isa = PBXBuildFile; fileRef = 95146FD417556C7D00B2A7BF /* NSArray+orderBy.m */; };
		9514700017556C7D00B2A7BF /* NSFetchRequest+orderBy.m in Sources */ = {isa = PBXBuildFile; fileRef = 95146FD617556C7D00B2A7BF /* NSFetchRequest+orderBy.m */; };
		9514700117556C7D00B2A7BF /* NSJSONSerializationCategories.m in Sources */ = {isa = PBXBuildFile; fileRef = 95146FD817556C7D00B2A7BF /* NSJSONSerializationCategories.m */; };
		9514700B17556C7D00B2A7BF /* AETestHelpers.m in Sources */ = {isa = PBXBuildFile; fileRef = 95146FEE17556C7D00B2A7BF /* AETestHelpers.m */; };
		9514700C17556C7D00B2A7BF /* AEAlert.m in Sources */ = {isa = PBXBuildFile; fileRef = 95146FF117556C7D00B2A7BF /* AEAlert.m */; };
		9514700D17556C7D00B2A7BF /* UIImage+ImageWithUIView.m in Sources */ = {isa = PBXBuildFile; fileRef = 95146FF317556C7D00B2A7BF /* UIImage+ImageWithUIView.m */; };
		9514700E17556C7D00B2A7BF /* UIView+Highlighting.m in Sources */ = {isa = PBXBuildFile; fileRef = 95146FF517556C7D00B2A7BF /* UIView+Highlighting.m */; };
		9514700F17556C7D00B2A7BF /* UIView+RelativePositioning.m in Sources */ = {isa = PBXBuildFile; fileRef = 95146FF717556C7D00B2A7BF /* UIView+RelativePositioning.m */; };
		9514701017556C7D00B2A7BF /* UIViewController+iPhoneModalController.m in Sources */ = {isa = PBXBuildFile; fileRef = 95146FF917556C7D00B2A7BF /* UIViewController+iPhoneModalController.m */; };
		951D40F016D16FF400703A05 /* AEManagedObjectsCacheTests.m in Sources */ = {isa = PBXBuildFile; fileRef = 951D40EF16D16FF400703A05 /* AEManagedObjectsCacheTests.m */; };
		955A16C816FBB93500158D6F /* AEHTTPClient.m in Sources */ = {isa = PBXBuildFile; fileRef = 955A16BD16FBB93500158D6F /* AEHTTPClient.m */; };
		955A16C916FBB93500158D6F /* DataModel.xcdatamodeld in Sources */ = {isa = PBXBuildFile; fileRef = 955A16BE16FBB93500158D6F /* DataModel.xcdatamodeld */; };
		955A16CA16FBB93500158D6F /* mocked_response.json in Resources */ = {isa = PBXBuildFile; fileRef = 955A16C016FBB93500158D6F /* mocked_response.json */; };
		955A16CB16FBB93500158D6F /* submit_mocked_response.json in Resources */ = {isa = PBXBuildFile; fileRef = 955A16C116FBB93500158D6F /* submit_mocked_response.json */; };
		955A16CC16FBB93500158D6F /* TestChildEntity.m in Sources */ = {isa = PBXBuildFile; fileRef = 955A16C316FBB93500158D6F /* TestChildEntity.m */; };
		955A16CD16FBB93500158D6F /* TestEntity.m in Sources */ = {isa = PBXBuildFile; fileRef = 955A16C516FBB93500158D6F /* TestEntity.m */; };
		955A16CE16FBB93500158D6F /* TestSubentity.m in Sources */ = {isa = PBXBuildFile; fileRef = 955A16C716FBB93500158D6F /* TestSubentity.m */; };
		955A16D116FBB95400158D6F /* UIView+RelativePositioningTests.m in Sources */ = {isa = PBXBuildFile; fileRef = 955A16D016FBB95400158D6F /* UIView+RelativePositioningTests.m */; };
		955A16DA16FBBA3900158D6F /* UIViewController+iPhoneModalControllerTests.m in Sources */ = {isa = PBXBuildFile; fileRef = 955A16D916FBBA3900158D6F /* UIViewController+iPhoneModalControllerTests.m */; };
		956DFCD916A614B7004858C6 /* SenTestingKit.framework in Frameworks */ = {isa = PBXBuildFile; fileRef = 956DFCD816A614B7004858C6 /* SenTestingKit.framework */; };
		956DFCDC16A614B7004858C6 /* Foundation.framework in Frameworks */ = {isa = PBXBuildFile; fileRef = 956DFCC916A614B6004858C6 /* Foundation.framework */; };
		956DFCE816A614B7004858C6 /* AECoreDataHelperTests.m in Sources */ = {isa = PBXBuildFile; fileRef = 956DFCE716A614B7004858C6 /* AECoreDataHelperTests.m */; };
		956DFD4916A6346B004858C6 /* CoreData.framework in Frameworks */ = {isa = PBXBuildFile; fileRef = 956DFD4816A6346B004858C6 /* CoreData.framework */; };
		956DFD5216A63BFC004858C6 /* AEManagedObjectTests.m in Sources */ = {isa = PBXBuildFile; fileRef = 956DFD5116A63BFC004858C6 /* AEManagedObjectTests.m */; };
		956DFD7816A65031004858C6 /* UIKit.framework in Frameworks */ = {isa = PBXBuildFile; fileRef = 956DFD3F16A62DF4004858C6 /* UIKit.framework */; };
		956DFDDA16A738A3004858C6 /* NSArray+orderByTests.m in Sources */ = {isa = PBXBuildFile; fileRef = 956DFDD916A738A3004858C6 /* NSArray+orderByTests.m */; };
		956DFDDF16A73B43004858C6 /* NSFetchRequest+orderByTests.m in Sources */ = {isa = PBXBuildFile; fileRef = 956DFDDE16A73B43004858C6 /* NSFetchRequest+orderByTests.m */; };
/* End PBXBuildFile section */

/* Begin PBXFileReference section */
		11A8785ACA95D9C2CE491F11 /* Pods-AEHelpersTests.release.xcconfig */ = {isa = PBXFileReference; includeInIndex = 1; lastKnownFileType = text.xcconfig; name = "Pods-AEHelpersTests.release.xcconfig"; path = "Pods/Target Support Files/Pods-AEHelpersTests/Pods-AEHelpersTests.release.xcconfig"; sourceTree = "<group>"; };
		38E937C05C15AD50FD353EC1 /* Pods-AEHelpersTests.debug.xcconfig */ = {isa = PBXFileReference; includeInIndex = 1; lastKnownFileType = text.xcconfig; name = "Pods-AEHelpersTests.debug.xcconfig"; path = "Pods/Target Support Files/Pods-AEHelpersTests/Pods-AEHelpersTests.debug.xcconfig"; sourceTree = "<group>"; };
		95146FC817556C7D00B2A7BF /* AEManagedObject+AERemoteFetch.h */ = {isa = PBXFileReference; fileEncoding = 4; lastKnownFileType = sourcecode.c.h; path = "AEManagedObject+AERemoteFetch.h"; sourceTree = "<group>"; };
		95146FC917556C7D00B2A7BF /* AEManagedObject+AERemoteFetch.m */ = {isa = PBXFileReference; fileEncoding = 4; lastKnownFileType = sourcecode.c.objc; path = "AEManagedObject+AERemoteFetch.m"; sourceTree = "<group>"; };
		95146FCA17556C7D00B2A7BF /* AEManagedObjectsCache.h */ = {isa = PBXFileReference; fileEncoding = 4; lastKnownFileType = sourcecode.c.h; path = AEManagedObjectsCache.h; sourceTree = "<group>"; };
		95146FCB17556C7D00B2A7BF /* AEManagedObjectsCache.m */ = {isa = PBXFileReference; fileEncoding = 4; lastKnownFileType = sourcecode.c.objc; path = AEManagedObjectsCache.m; sourceTree = "<group>"; };
		95146FCD17556C7D00B2A7BF /* AECoreDataHelper.h */ = {isa = PBXFileReference; fileEncoding = 4; lastKnownFileType = sourcecode.c.h; path = AECoreDataHelper.h; sourceTree = "<group>"; };
		95146FCE17556C7D00B2A7BF /* AECoreDataHelper.m */ = {isa = PBXFileReference; fileEncoding = 4; lastKnownFileType = sourcecode.c.objc; path = AECoreDataHelper.m; sourceTree = "<group>"; };
		95146FCF17556C7D00B2A7BF /* AEManagedObject+AEJSONSerialization.h */ = {isa = PBXFileReference; fileEncoding = 4; lastKnownFileType = sourcecode.c.h; path = "AEManagedObject+AEJSONSerialization.h"; sourceTree = "<group>"; };
		95146FD017556C7D00B2A7BF /* AEManagedObject+AEJSONSerialization.m */ = {isa = PBXFileReference; fileEncoding = 4; lastKnownFileType = sourcecode.c.objc; path = "AEManagedObject+AEJSONSerialization.m"; sourceTree = "<group>"; };
		95146FD117556C7D00B2A7BF /* AEManagedObject.h */ = {isa = PBXFileReference; fileEncoding = 4; lastKnownFileType = sourcecode.c.h; path = AEManagedObject.h; sourceTree = "<group>"; };
		95146FD217556C7D00B2A7BF /* AEManagedObject.m */ = {isa = PBXFileReference; fileEncoding = 4; lastKnownFileType = sourcecode.c.objc; path = AEManagedObject.m; sourceTree = "<group>"; };
		95146FD317556C7D00B2A7BF /* NSArray+orderBy.h */ = {isa = PBXFileReference; fileEncoding = 4; lastKnownFileType = sourcecode.c.h; path = "NSArray+orderBy.h"; sourceTree = "<group>"; };
		95146FD417556C7D00B2A7BF /* NSArray+orderBy.m */ = {isa = PBXFileReference; fileEncoding = 4; lastKnownFileType = sourcecode.c.objc; path = "NSArray+orderBy.m"; sourceTree = "<group>"; };
		95146FD517556C7D00B2A7BF /* NSFetchRequest+orderBy.h */ = {isa = PBXFileReference; fileEncoding = 4; lastKnownFileType = sourcecode.c.h; path = "NSFetchRequest+orderBy.h"; sourceTree = "<group>"; };
		95146FD617556C7D00B2A7BF /* NSFetchRequest+orderBy.m */ = {isa = PBXFileReference; fileEncoding = 4; lastKnownFileType = sourcecode.c.objc; path = "NSFetchRequest+orderBy.m"; sourceTree = "<group>"; };
		95146FD717556C7D00B2A7BF /* NSJSONSerializationCategories.h */ = {isa = PBXFileReference; fileEncoding = 4; lastKnownFileType = sourcecode.c.h; path = NSJSONSerializationCategories.h; sourceTree = "<group>"; };
		95146FD817556C7D00B2A7BF /* NSJSONSerializationCategories.m */ = {isa = PBXFileReference; fileEncoding = 4; lastKnownFileType = sourcecode.c.objc; path = NSJSONSerializationCategories.m; sourceTree = "<group>"; };
		95146FED17556C7D00B2A7BF /* AETestHelpers.h */ = {isa = PBXFileReference; fileEncoding = 4; lastKnownFileType = sourcecode.c.h; path = AETestHelpers.h; sourceTree = "<group>"; };
		95146FEE17556C7D00B2A7BF /* AETestHelpers.m */ = {isa = PBXFileReference; fileEncoding = 4; lastKnownFileType = sourcecode.c.objc; path = AETestHelpers.m; sourceTree = "<group>"; };
		95146FF017556C7D00B2A7BF /* AEAlert.h */ = {isa = PBXFileReference; fileEncoding = 4; lastKnownFileType = sourcecode.c.h; path = AEAlert.h; sourceTree = "<group>"; };
		95146FF117556C7D00B2A7BF /* AEAlert.m */ = {isa = PBXFileReference; fileEncoding = 4; lastKnownFileType = sourcecode.c.objc; path = AEAlert.m; sourceTree = "<group>"; };
		95146FF217556C7D00B2A7BF /* UIImage+ImageWithUIView.h */ = {isa = PBXFileReference; fileEncoding = 4; lastKnownFileType = sourcecode.c.h; path = "UIImage+ImageWithUIView.h"; sourceTree = "<group>"; };
		95146FF317556C7D00B2A7BF /* UIImage+ImageWithUIView.m */ = {isa = PBXFileReference; fileEncoding = 4; lastKnownFileType = sourcecode.c.objc; path = "UIImage+ImageWithUIView.m"; sourceTree = "<group>"; };
		95146FF417556C7D00B2A7BF /* UIView+Highlighting.h */ = {isa = PBXFileReference; fileEncoding = 4; lastKnownFileType = sourcecode.c.h; path = "UIView+Highlighting.h"; sourceTree = "<group>"; };
		95146FF517556C7D00B2A7BF /* UIView+Highlighting.m */ = {isa = PBXFileReference; fileEncoding = 4; lastKnownFileType = sourcecode.c.objc; path = "UIView+Highlighting.m"; sourceTree = "<group>"; };
		95146FF617556C7D00B2A7BF /* UIView+RelativePositioning.h */ = {isa = PBXFileReference; fileEncoding = 4; lastKnownFileType = sourcecode.c.h; path = "UIView+RelativePositioning.h"; sourceTree = "<group>"; };
		95146FF717556C7D00B2A7BF /* UIView+RelativePositioning.m */ = {isa = PBXFileReference; fileEncoding = 4; lastKnownFileType = sourcecode.c.objc; path = "UIView+RelativePositioning.m"; sourceTree = "<group>"; };
		95146FF817556C7D00B2A7BF /* UIViewController+iPhoneModalController.h */ = {isa = PBXFileReference; fileEncoding = 4; lastKnownFileType = sourcecode.c.h; path = "UIViewController+iPhoneModalController.h"; sourceTree = "<group>"; };
		95146FF917556C7D00B2A7BF /* UIViewController+iPhoneModalController.m */ = {isa = PBXFileReference; fileEncoding = 4; lastKnownFileType = sourcecode.c.objc; path = "UIViewController+iPhoneModalController.m"; sourceTree = "<group>"; };
		951D40EE16D16FF400703A05 /* AEManagedObjectsCacheTests.h */ = {isa = PBXFileReference; fileEncoding = 4; lastKnownFileType = sourcecode.c.h; path = AEManagedObjectsCacheTests.h; sourceTree = "<group>"; };
		951D40EF16D16FF400703A05 /* AEManagedObjectsCacheTests.m */ = {isa = PBXFileReference; fileEncoding = 4; lastKnownFileType = sourcecode.c.objc; path = AEManagedObjectsCacheTests.m; sourceTree = "<group>"; };
		955A16BC16FBB93500158D6F /* AEHTTPClient.h */ = {isa = PBXFileReference; fileEncoding = 4; lastKnownFileType = sourcecode.c.h; path = AEHTTPClient.h; sourceTree = "<group>"; };
		955A16BD16FBB93500158D6F /* AEHTTPClient.m */ = {isa = PBXFileReference; fileEncoding = 4; lastKnownFileType = sourcecode.c.objc; path = AEHTTPClient.m; sourceTree = "<group>"; };
		955A16BF16FBB93500158D6F /* DataModel.xcdatamodel */ = {isa = PBXFileReference; lastKnownFileType = wrapper.xcdatamodel; path = DataModel.xcdatamodel; sourceTree = "<group>"; };
		955A16C016FBB93500158D6F /* mocked_response.json */ = {isa = PBXFileReference; fileEncoding = 4; lastKnownFileType = text.json; path = mocked_response.json; sourceTree = "<group>"; };
		955A16C116FBB93500158D6F /* submit_mocked_response.json */ = {isa = PBXFileReference; fileEncoding = 4; lastKnownFileType = text.json; path = submit_mocked_response.json; sourceTree = "<group>"; };
		955A16C216FBB93500158D6F /* TestChildEntity.h */ = {isa = PBXFileReference; fileEncoding = 4; lastKnownFileType = sourcecode.c.h; path = TestChildEntity.h; sourceTree = "<group>"; };
		955A16C316FBB93500158D6F /* TestChildEntity.m */ = {isa = PBXFileReference; fileEncoding = 4; lastKnownFileType = sourcecode.c.objc; path = TestChildEntity.m; sourceTree = "<group>"; };
		955A16C416FBB93500158D6F /* TestEntity.h */ = {isa = PBXFileReference; fileEncoding = 4; lastKnownFileType = sourcecode.c.h; path = TestEntity.h; sourceTree = "<group>"; };
		955A16C516FBB93500158D6F /* TestEntity.m */ = {isa = PBXFileReference; fileEncoding = 4; lastKnownFileType = sourcecode.c.objc; path = TestEntity.m; sourceTree = "<group>"; };
		955A16C616FBB93500158D6F /* TestSubentity.h */ = {isa = PBXFileReference; fileEncoding = 4; lastKnownFileType = sourcecode.c.h; path = TestSubentity.h; sourceTree = "<group>"; };
		955A16C716FBB93500158D6F /* TestSubentity.m */ = {isa = PBXFileReference; fileEncoding = 4; lastKnownFileType = sourcecode.c.objc; path = TestSubentity.m; sourceTree = "<group>"; };
		955A16CF16FBB95400158D6F /* UIView+RelativePositioningTests.h */ = {isa = PBXFileReference; fileEncoding = 4; lastKnownFileType = sourcecode.c.h; path = "UIView+RelativePositioningTests.h"; sourceTree = "<group>"; };
		955A16D016FBB95400158D6F /* UIView+RelativePositioningTests.m */ = {isa = PBXFileReference; fileEncoding = 4; lastKnownFileType = sourcecode.c.objc; path = "UIView+RelativePositioningTests.m"; sourceTree = "<group>"; };
		955A16D816FBBA3900158D6F /* UIViewController+iPhoneModalControllerTests.h */ = {isa = PBXFileReference; fileEncoding = 4; lastKnownFileType = sourcecode.c.h; path = "UIViewController+iPhoneModalControllerTests.h"; sourceTree = "<group>"; };
		955A16D916FBBA3900158D6F /* UIViewController+iPhoneModalControllerTests.m */ = {isa = PBXFileReference; fileEncoding = 4; lastKnownFileType = sourcecode.c.objc; path = "UIViewController+iPhoneModalControllerTests.m"; sourceTree = "<group>"; };
		956DFCC916A614B6004858C6 /* Foundation.framework */ = {isa = PBXFileReference; lastKnownFileType = wrapper.framework; name = Foundation.framework; path = System/Library/Frameworks/Foundation.framework; sourceTree = SDKROOT; };
		956DFCD716A614B7004858C6 /* AEHelpersTests.octest */ = {isa = PBXFileReference; explicitFileType = wrapper.cfbundle; includeInIndex = 0; path = AEHelpersTests.octest; sourceTree = BUILT_PRODUCTS_DIR; };
		956DFCD816A614B7004858C6 /* SenTestingKit.framework */ = {isa = PBXFileReference; lastKnownFileType = wrapper.framework; name = SenTestingKit.framework; path = Library/Frameworks/SenTestingKit.framework; sourceTree = DEVELOPER_DIR; };
		956DFCE216A614B7004858C6 /* AEHelpersTests-Info.plist */ = {isa = PBXFileReference; lastKnownFileType = text.plist.xml; path = "AEHelpersTests-Info.plist"; sourceTree = "<group>"; };
		956DFCE616A614B7004858C6 /* AECoreDataHelperTests.h */ = {isa = PBXFileReference; lastKnownFileType = sourcecode.c.h; path = AECoreDataHelperTests.h; sourceTree = "<group>"; };
		956DFCE716A614B7004858C6 /* AECoreDataHelperTests.m */ = {isa = PBXFileReference; lastKnownFileType = sourcecode.c.objc; path = AECoreDataHelperTests.m; sourceTree = "<group>"; };
		956DFD3F16A62DF4004858C6 /* UIKit.framework */ = {isa = PBXFileReference; lastKnownFileType = wrapper.framework; name = UIKit.framework; path = System/Library/Frameworks/UIKit.framework; sourceTree = SDKROOT; };
		956DFD4816A6346B004858C6 /* CoreData.framework */ = {isa = PBXFileReference; lastKnownFileType = wrapper.framework; name = CoreData.framework; path = System/Library/Frameworks/CoreData.framework; sourceTree = SDKROOT; };
		956DFD5016A63BFC004858C6 /* AEManagedObjectTests.h */ = {isa = PBXFileReference; fileEncoding = 4; lastKnownFileType = sourcecode.c.h; path = AEManagedObjectTests.h; sourceTree = "<group>"; };
		956DFD5116A63BFC004858C6 /* AEManagedObjectTests.m */ = {isa = PBXFileReference; fileEncoding = 4; lastKnownFileType = sourcecode.c.objc; path = AEManagedObjectTests.m; sourceTree = "<group>"; };
		956DFDD816A738A3004858C6 /* NSArray+orderByTests.h */ = {isa = PBXFileReference; fileEncoding = 4; lastKnownFileType = sourcecode.c.h; path = "NSArray+orderByTests.h"; sourceTree = "<group>"; };
		956DFDD916A738A3004858C6 /* NSArray+orderByTests.m */ = {isa = PBXFileReference; fileEncoding = 4; lastKnownFileType = sourcecode.c.objc; path = "NSArray+orderByTests.m"; sourceTree = "<group>"; };
		956DFDDD16A73B43004858C6 /* NSFetchRequest+orderByTests.h */ = {isa = PBXFileReference; fileEncoding = 4; lastKnownFileType = sourcecode.c.h; path = "NSFetchRequest+orderByTests.h"; sourceTree = "<group>"; };
		956DFDDE16A73B43004858C6 /* NSFetchRequest+orderByTests.m */ = {isa = PBXFileReference; fileEncoding = 4; lastKnownFileType = sourcecode.c.objc; path = "NSFetchRequest+orderByTests.m"; sourceTree = "<group>"; };
		B2D4354336A44AFDACA09D98 /* libPods-AEHelpersTests.a */ = {isa = PBXFileReference; explicitFileType = archive.ar; includeInIndex = 0; path = "libPods-AEHelpersTests.a"; sourceTree = BUILT_PRODUCTS_DIR; };
/* End PBXFileReference section */

/* Begin PBXFrameworksBuildPhase section */
		956DFCD316A614B7004858C6 /* Frameworks */ = {
			isa = PBXFrameworksBuildPhase;
			buildActionMask = 2147483647;
			files = (
				956DFD7816A65031004858C6 /* UIKit.framework in Frameworks */,
				956DFD4916A6346B004858C6 /* CoreData.framework in Frameworks */,
				956DFCD916A614B7004858C6 /* SenTestingKit.framework in Frameworks */,
				956DFCDC16A614B7004858C6 /* Foundation.framework in Frameworks */,
				4EE60F545573431C906F8B45 /* libPods-AEHelpersTests.a in Frameworks */,
			);
			runOnlyForDeploymentPostprocessing = 0;
		};
/* End PBXFrameworksBuildPhase section */

/* Begin PBXGroup section */
		95146FC617556C7D00B2A7BF /* AEHelpers */ = {
			isa = PBXGroup;
			children = (
				95146FC717556C7D00B2A7BF /* Client */,
				95146FCC17556C7D00B2A7BF /* CoreData */,
				95146FEC17556C7D00B2A7BF /* Tests */,
				95146FEF17556C7D00B2A7BF /* UI */,
			);
			path = AEHelpers;
			sourceTree = "<group>";
		};
		95146FC717556C7D00B2A7BF /* Client */ = {
			isa = PBXGroup;
			children = (
				95146FC817556C7D00B2A7BF /* AEManagedObject+AERemoteFetch.h */,
				95146FC917556C7D00B2A7BF /* AEManagedObject+AERemoteFetch.m */,
				95146FCA17556C7D00B2A7BF /* AEManagedObjectsCache.h */,
				95146FCB17556C7D00B2A7BF /* AEManagedObjectsCache.m */,
			);
			path = Client;
			sourceTree = "<group>";
		};
		95146FCC17556C7D00B2A7BF /* CoreData */ = {
			isa = PBXGroup;
			children = (
				95146FCD17556C7D00B2A7BF /* AECoreDataHelper.h */,
				95146FCE17556C7D00B2A7BF /* AECoreDataHelper.m */,
				95146FCF17556C7D00B2A7BF /* AEManagedObject+AEJSONSerialization.h */,
				95146FD017556C7D00B2A7BF /* AEManagedObject+AEJSONSerialization.m */,
				95146FD117556C7D00B2A7BF /* AEManagedObject.h */,
				95146FD217556C7D00B2A7BF /* AEManagedObject.m */,
				95146FD317556C7D00B2A7BF /* NSArray+orderBy.h */,
				95146FD417556C7D00B2A7BF /* NSArray+orderBy.m */,
				95146FD517556C7D00B2A7BF /* NSFetchRequest+orderBy.h */,
				95146FD617556C7D00B2A7BF /* NSFetchRequest+orderBy.m */,
				95146FD717556C7D00B2A7BF /* NSJSONSerializationCategories.h */,
				95146FD817556C7D00B2A7BF /* NSJSONSerializationCategories.m */,
			);
			path = CoreData;
			sourceTree = "<group>";
		};
		95146FEC17556C7D00B2A7BF /* Tests */ = {
			isa = PBXGroup;
			children = (
				95146FED17556C7D00B2A7BF /* AETestHelpers.h */,
				95146FEE17556C7D00B2A7BF /* AETestHelpers.m */,
			);
			path = Tests;
			sourceTree = "<group>";
		};
		95146FEF17556C7D00B2A7BF /* UI */ = {
			isa = PBXGroup;
			children = (
				95146FF017556C7D00B2A7BF /* AEAlert.h */,
				95146FF117556C7D00B2A7BF /* AEAlert.m */,
				95146FF217556C7D00B2A7BF /* UIImage+ImageWithUIView.h */,
				95146FF317556C7D00B2A7BF /* UIImage+ImageWithUIView.m */,
				95146FF417556C7D00B2A7BF /* UIView+Highlighting.h */,
				95146FF517556C7D00B2A7BF /* UIView+Highlighting.m */,
				95146FF617556C7D00B2A7BF /* UIView+RelativePositioning.h */,
				95146FF717556C7D00B2A7BF /* UIView+RelativePositioning.m */,
				95146FF817556C7D00B2A7BF /* UIViewController+iPhoneModalController.h */,
				95146FF917556C7D00B2A7BF /* UIViewController+iPhoneModalController.m */,
			);
			path = UI;
			sourceTree = "<group>";
		};
		955A16BB16FBB93500158D6F /* Fixtures */ = {
			isa = PBXGroup;
			children = (
				955A16BC16FBB93500158D6F /* AEHTTPClient.h */,
				955A16BD16FBB93500158D6F /* AEHTTPClient.m */,
				955A16BE16FBB93500158D6F /* DataModel.xcdatamodeld */,
				955A16C016FBB93500158D6F /* mocked_response.json */,
				955A16C116FBB93500158D6F /* submit_mocked_response.json */,
				955A16C216FBB93500158D6F /* TestChildEntity.h */,
				955A16C316FBB93500158D6F /* TestChildEntity.m */,
				955A16C416FBB93500158D6F /* TestEntity.h */,
				955A16C516FBB93500158D6F /* TestEntity.m */,
				955A16C616FBB93500158D6F /* TestSubentity.h */,
				955A16C716FBB93500158D6F /* TestSubentity.m */,
			);
			path = Fixtures;
			sourceTree = "<group>";
		};
		956DFCBB16A614B6004858C6 = {
			isa = PBXGroup;
			children = (
				95146FC617556C7D00B2A7BF /* AEHelpers */,
				956DFCE016A614B7004858C6 /* AEHelpersTests */,
				956DFCC816A614B6004858C6 /* Frameworks */,
				956DFCC716A614B6004858C6 /* Products */,
				EBC2F6EB6A21F64D086CB8F4 /* Pods */,
			);
			sourceTree = "<group>";
		};
		956DFCC716A614B6004858C6 /* Products */ = {
			isa = PBXGroup;
			children = (
				956DFCD716A614B7004858C6 /* AEHelpersTests.octest */,
			);
			name = Products;
			sourceTree = "<group>";
		};
		956DFCC816A614B6004858C6 /* Frameworks */ = {
			isa = PBXGroup;
			children = (
				956DFD4816A6346B004858C6 /* CoreData.framework */,
				956DFD3F16A62DF4004858C6 /* UIKit.framework */,
				956DFCC916A614B6004858C6 /* Foundation.framework */,
				956DFCD816A614B7004858C6 /* SenTestingKit.framework */,
				B2D4354336A44AFDACA09D98 /* libPods-AEHelpersTests.a */,
			);
			name = Frameworks;
			sourceTree = "<group>";
		};
		956DFCE016A614B7004858C6 /* AEHelpersTests */ = {
			isa = PBXGroup;
			children = (
				956DFCE616A614B7004858C6 /* AECoreDataHelperTests.h */,
				956DFCE716A614B7004858C6 /* AECoreDataHelperTests.m */,
				956DFD5016A63BFC004858C6 /* AEManagedObjectTests.h */,
				956DFD5116A63BFC004858C6 /* AEManagedObjectTests.m */,
				956DFDD816A738A3004858C6 /* NSArray+orderByTests.h */,
				956DFDD916A738A3004858C6 /* NSArray+orderByTests.m */,
				956DFDDD16A73B43004858C6 /* NSFetchRequest+orderByTests.h */,
				956DFDDE16A73B43004858C6 /* NSFetchRequest+orderByTests.m */,
				951D40EE16D16FF400703A05 /* AEManagedObjectsCacheTests.h */,
				951D40EF16D16FF400703A05 /* AEManagedObjectsCacheTests.m */,
				955A16CF16FBB95400158D6F /* UIView+RelativePositioningTests.h */,
				955A16D016FBB95400158D6F /* UIView+RelativePositioningTests.m */,
				956DFCE116A614B7004858C6 /* Supporting Files */,
				955A16D816FBBA3900158D6F /* UIViewController+iPhoneModalControllerTests.h */,
				955A16D916FBBA3900158D6F /* UIViewController+iPhoneModalControllerTests.m */,
			);
			path = AEHelpersTests;
			sourceTree = "<group>";
		};
		956DFCE116A614B7004858C6 /* Supporting Files */ = {
			isa = PBXGroup;
			children = (
				955A16BB16FBB93500158D6F /* Fixtures */,
				956DFCE216A614B7004858C6 /* AEHelpersTests-Info.plist */,
			);
			name = "Supporting Files";
			sourceTree = "<group>";
		};
		EBC2F6EB6A21F64D086CB8F4 /* Pods */ = {
			isa = PBXGroup;
			children = (
				38E937C05C15AD50FD353EC1 /* Pods-AEHelpersTests.debug.xcconfig */,
				11A8785ACA95D9C2CE491F11 /* Pods-AEHelpersTests.release.xcconfig */,
			);
			name = Pods;
			sourceTree = "<group>";
		};
/* End PBXGroup section */

/* Begin PBXNativeTarget section */
		956DFCD616A614B7004858C6 /* AEHelpersTests */ = {
			isa = PBXNativeTarget;
			buildConfigurationList = 956DFCEE16A614B7004858C6 /* Build configuration list for PBXNativeTarget "AEHelpersTests" */;
			buildPhases = (
				956DFCD216A614B7004858C6 /* Sources */,
				956DFCD316A614B7004858C6 /* Frameworks */,
				956DFCD416A614B7004858C6 /* Resources */,
				956DFCD516A614B7004858C6 /* ShellScript */,
				4D1D8E10C3334EC589C076B7 /* Copy Pods Resources */,
				44788920A32C4216B783AC2F /* Copy Pods Resources */,
			);
			buildRules = (
			);
			dependencies = (
			);
			name = AEHelpersTests;
			productName = AEHelpersTests;
			productReference = 956DFCD716A614B7004858C6 /* AEHelpersTests.octest */;
			productType = "com.apple.product-type.bundle.ocunit-test";
		};
/* End PBXNativeTarget section */

/* Begin PBXProject section */
		956DFCBD16A614B6004858C6 /* Project object */ = {
			isa = PBXProject;
			attributes = {
				LastUpgradeCheck = 0450;
			};
			buildConfigurationList = 956DFCC016A614B6004858C6 /* Build configuration list for PBXProject "AEHelpers" */;
			compatibilityVersion = "Xcode 3.2";
			developmentRegion = English;
			hasScannedForEncodings = 0;
			knownRegions = (
				en,
			);
			mainGroup = 956DFCBB16A614B6004858C6;
			productRefGroup = 956DFCC716A614B6004858C6 /* Products */;
			projectDirPath = "";
			projectRoot = "";
			targets = (
				956DFCD616A614B7004858C6 /* AEHelpersTests */,
			);
		};
/* End PBXProject section */

/* Begin PBXResourcesBuildPhase section */
		956DFCD416A614B7004858C6 /* Resources */ = {
			isa = PBXResourcesBuildPhase;
			buildActionMask = 2147483647;
			files = (
				955A16CA16FBB93500158D6F /* mocked_response.json in Resources */,
				955A16CB16FBB93500158D6F /* submit_mocked_response.json in Resources */,
			);
			runOnlyForDeploymentPostprocessing = 0;
		};
/* End PBXResourcesBuildPhase section */

/* Begin PBXShellScriptBuildPhase section */
		44788920A32C4216B783AC2F /* Copy Pods Resources */ = {
			isa = PBXShellScriptBuildPhase;
			buildActionMask = 2147483647;
			files = (
			);
			inputPaths = (
			);
			name = "Copy Pods Resources";
			outputPaths = (
			);
			runOnlyForDeploymentPostprocessing = 0;
			shellPath = /bin/sh;
			shellScript = "\"${SRCROOT}/Pods/Target Support Files/Pods-AEHelpersTests/Pods-AEHelpersTests-resources.sh\"\n";
		};
		4D1D8E10C3334EC589C076B7 /* Copy Pods Resources */ = {
			isa = PBXShellScriptBuildPhase;
			buildActionMask = 2147483647;
			files = (
			);
			inputPaths = (
			);
			name = "Copy Pods Resources";
			outputPaths = (
			);
			runOnlyForDeploymentPostprocessing = 0;
			shellPath = /bin/sh;
			shellScript = "\"${SRCROOT}/Pods/Target Support Files/Pods-AEHelpersTests/Pods-AEHelpersTests-resources.sh\"\n";
		};
		956DFCD516A614B7004858C6 /* ShellScript */ = {
			isa = PBXShellScriptBuildPhase;
			buildActionMask = 2147483647;
			files = (
			);
			inputPaths = (
			);
			outputPaths = (
			);
			runOnlyForDeploymentPostprocessing = 0;
			shellPath = /bin/sh;
			shellScript = "# Run the unit tests in this test bundle.\n\"${SYSTEM_DEVELOPER_DIR}/Tools/RunUnitTests\"\n";
		};
/* End PBXShellScriptBuildPhase section */

/* Begin PBXSourcesBuildPhase section */
		956DFCD216A614B7004858C6 /* Sources */ = {
			isa = PBXSourcesBuildPhase;
			buildActionMask = 2147483647;
			files = (
				956DFCE816A614B7004858C6 /* AECoreDataHelperTests.m in Sources */,
				956DFD5216A63BFC004858C6 /* AEManagedObjectTests.m in Sources */,
				956DFDDA16A738A3004858C6 /* NSArray+orderByTests.m in Sources */,
				956DFDDF16A73B43004858C6 /* NSFetchRequest+orderByTests.m in Sources */,
				951D40F016D16FF400703A05 /* AEManagedObjectsCacheTests.m in Sources */,
				955A16C816FBB93500158D6F /* AEHTTPClient.m in Sources */,
				955A16C916FBB93500158D6F /* DataModel.xcdatamodeld in Sources */,
				955A16CC16FBB93500158D6F /* TestChildEntity.m in Sources */,
				955A16CD16FBB93500158D6F /* TestEntity.m in Sources */,
				955A16CE16FBB93500158D6F /* TestSubentity.m in Sources */,
				955A16D116FBB95400158D6F /* UIView+RelativePositioningTests.m in Sources */,
				955A16DA16FBBA3900158D6F /* UIViewController+iPhoneModalControllerTests.m in Sources */,
				95146FFA17556C7D00B2A7BF /* AEManagedObject+AERemoteFetch.m in Sources */,
				95146FFB17556C7D00B2A7BF /* AEManagedObjectsCache.m in Sources */,
				95146FFC17556C7D00B2A7BF /* AECoreDataHelper.m in Sources */,
				95146FFD17556C7D00B2A7BF /* AEManagedObject+AEJSONSerialization.m in Sources */,
				95146FFE17556C7D00B2A7BF /* AEManagedObject.m in Sources */,
				95146FFF17556C7D00B2A7BF /* NSArray+orderBy.m in Sources */,
				9514700017556C7D00B2A7BF /* NSFetchRequest+orderBy.m in Sources */,
				9514700117556C7D00B2A7BF /* NSJSONSerializationCategories.m in Sources */,
				9514700B17556C7D00B2A7BF /* AETestHelpers.m in Sources */,
				9514700C17556C7D00B2A7BF /* AEAlert.m in Sources */,
				9514700D17556C7D00B2A7BF /* UIImage+ImageWithUIView.m in Sources */,
				9514700E17556C7D00B2A7BF /* UIView+Highlighting.m in Sources */,
				9514700F17556C7D00B2A7BF /* UIView+RelativePositioning.m in Sources */,
				9514701017556C7D00B2A7BF /* UIViewController+iPhoneModalController.m in Sources */,
			);
			runOnlyForDeploymentPostprocessing = 0;
		};
/* End PBXSourcesBuildPhase section */

/* Begin XCBuildConfiguration section */
		956DFCE916A614B7004858C6 /* Debug */ = {
			isa = XCBuildConfiguration;
			buildSettings = {
				ALWAYS_SEARCH_USER_PATHS = NO;
				CLANG_CXX_LANGUAGE_STANDARD = "gnu++0x";
				CLANG_CXX_LIBRARY = "libc++";
				CLANG_WARN_EMPTY_BODY = YES;
				CLANG_WARN__DUPLICATE_METHOD_MATCH = YES;
				COPY_PHASE_STRIP = NO;
				GCC_C_LANGUAGE_STANDARD = gnu99;
				GCC_DYNAMIC_NO_PIC = NO;
				GCC_OPTIMIZATION_LEVEL = 0;
				GCC_PREPROCESSOR_DEFINITIONS = (
					"DEBUG=1",
					"$(inherited)",
				);
				GCC_SYMBOLS_PRIVATE_EXTERN = NO;
				GCC_WARN_ABOUT_RETURN_TYPE = YES;
				GCC_WARN_UNINITIALIZED_AUTOS = YES;
				GCC_WARN_UNUSED_VARIABLE = YES;
				IPHONEOS_DEPLOYMENT_TARGET = 6.0;
				ONLY_ACTIVE_ARCH = YES;
				SDKROOT = iphoneos;
			};
			name = Debug;
		};
		956DFCEA16A614B7004858C6 /* Release */ = {
			isa = XCBuildConfiguration;
			buildSettings = {
				ALWAYS_SEARCH_USER_PATHS = NO;
				CLANG_CXX_LANGUAGE_STANDARD = "gnu++0x";
				CLANG_CXX_LIBRARY = "libc++";
				CLANG_WARN_EMPTY_BODY = YES;
				CLANG_WARN__DUPLICATE_METHOD_MATCH = YES;
				COPY_PHASE_STRIP = YES;
				GCC_C_LANGUAGE_STANDARD = gnu99;
				GCC_WARN_ABOUT_RETURN_TYPE = YES;
				GCC_WARN_UNINITIALIZED_AUTOS = YES;
				GCC_WARN_UNUSED_VARIABLE = YES;
				IPHONEOS_DEPLOYMENT_TARGET = 6.0;
				SDKROOT = iphoneos;
				VALIDATE_PRODUCT = YES;
			};
			name = Release;
		};
		956DFCEF16A614B7004858C6 /* Debug */ = {
			isa = XCBuildConfiguration;
			baseConfigurationReference = 38E937C05C15AD50FD353EC1 /* Pods-AEHelpersTests.debug.xcconfig */;
			buildSettings = {
				CLANG_ENABLE_OBJC_ARC = YES;
				FRAMEWORK_SEARCH_PATHS = (
					"\"$(SDKROOT)/Developer/Library/Frameworks\"",
					"\"$(DEVELOPER_LIBRARY_DIR)/Frameworks\"",
				);
				GCC_PRECOMPILE_PREFIX_HEADER = YES;
				GCC_PREPROCESSOR_DEFINITIONS = (
					"OCUNIT=1",
					"$(inherited)",
				);
				INFOPLIST_FILE = "AEHelpersTests/AEHelpersTests-Info.plist";
				PRODUCT_NAME = "$(TARGET_NAME)";
				WRAPPER_EXTENSION = octest;
			};
			name = Debug;
		};
		956DFCF016A614B7004858C6 /* Release */ = {
			isa = XCBuildConfiguration;
			baseConfigurationReference = 11A8785ACA95D9C2CE491F11 /* Pods-AEHelpersTests.release.xcconfig */;
			buildSettings = {
				CLANG_ENABLE_OBJC_ARC = YES;
				FRAMEWORK_SEARCH_PATHS = (
					"\"$(SDKROOT)/Developer/Library/Frameworks\"",
					"\"$(DEVELOPER_LIBRARY_DIR)/Frameworks\"",
				);
				GCC_PRECOMPILE_PREFIX_HEADER = YES;
				INFOPLIST_FILE = "AEHelpersTests/AEHelpersTests-Info.plist";
				PRODUCT_NAME = "$(TARGET_NAME)";
				WRAPPER_EXTENSION = octest;
			};
			name = Release;
		};
/* End XCBuildConfiguration section */

/* Begin XCConfigurationList section */
		956DFCC016A614B6004858C6 /* Build configuration list for PBXProject "AEHelpers" */ = {
			isa = XCConfigurationList;
			buildConfigurations = (
				956DFCE916A614B7004858C6 /* Debug */,
				956DFCEA16A614B7004858C6 /* Release */,
			);
			defaultConfigurationIsVisible = 0;
			defaultConfigurationName = Release;
		};
		956DFCEE16A614B7004858C6 /* Build configuration list for PBXNativeTarget "AEHelpersTests" */ = {
			isa = XCConfigurationList;
			buildConfigurations = (
				956DFCEF16A614B7004858C6 /* Debug */,
				956DFCF016A614B7004858C6 /* Release */,
			);
			defaultConfigurationIsVisible = 0;
			defaultConfigurationName = Release;
		};
/* End XCConfigurationList section */

/* Begin XCVersionGroup section */
		955A16BE16FBB93500158D6F /* DataModel.xcdatamodeld */ = {
			isa = XCVersionGroup;
			children = (
				955A16BF16FBB93500158D6F /* DataModel.xcdatamodel */,
			);
			currentVersion = 955A16BF16FBB93500158D6F /* DataModel.xcdatamodel */;
			path = DataModel.xcdatamodeld;
			sourceTree = "<group>";
			versionGroupType = wrapper.xcdatamodel;
		};
/* End XCVersionGroup section */
	};
	rootObject = 956DFCBD16A614B6004858C6 /* Project object */;
}
